
Microsoft Visual Studio Solution File, Format Version 12.00
Project("{FAE04EC0-301F-11D3-BF4B-00C04F79EFBC}") = "WebMessenger", "WebMessenger\WebMessenger.csproj", "{8765B860-3F3D-402C-A9FA-0E9AD2ED2214}"
EndProject
Project("{FAE04EC0-301F-11D3-BF4B-00C04F79EFBC}") = "TestWebMessenger", "TestWebMessenger\TestWebMessenger.csproj", "{D0C14305-8584-495B-BC13-34E25B74A8CE}"
EndProject
Global
	GlobalSection(SolutionConfigurationPlatforms) = preSolution
		Debug|Any CPU = Debug|Any CPU
		Release|Any CPU = Release|Any CPU
	EndGlobalSection
	GlobalSection(ProjectConfigurationPlatforms) = postSolution
		{8765B860-3F3D-402C-A9FA-0E9AD2ED2214}.Debug|Any CPU.ActiveCfg = Debug|Any CPU
		{8765B860-3F3D-402C-A9FA-0E9AD2ED2214}.Debug|Any CPU.Build.0 = Debug|Any CPU
		{8765B860-3F3D-402C-A9FA-0E9AD2ED2214}.Release|Any CPU.ActiveCfg = Release|Any CPU
		{8765B860-3F3D-402C-A9FA-0E9AD2ED2214}.Release|Any CPU.Build.0 = Release|Any CPU
		{D0C14305-8584-495B-BC13-34E25B74A8CE}.Debug|Any CPU.ActiveCfg = Debug|Any CPU
		{D0C14305-8584-495B-BC13-34E25B74A8CE}.Debug|Any CPU.Build.0 = Debug|Any CPU
		{D0C14305-8584-495B-BC13-34E25B74A8CE}.Release|Any CPU.ActiveCfg = Release|Any CPU
		{D0C14305-8584-495B-BC13-34E25B74A8CE}.Release|Any CPU.Build.0 = Release|Any CPU
	EndGlobalSection
EndGlobal
